{
  "version": 4,
  "terraform_version": "1.3.6",
  "serial": 43,
  "lineage": "cd8e00d2-77cb-3d78-ddcd-88200818f9c4",
  "outputs": {
    "ipv4-external": {
      "value": "51.250.64.207",
      "type": "string"
    },
    "ipv4-internal": {
      "value": "10.128.0.12",
      "type": "string"
    }
  },
  "resources": [
    {
      "mode": "data",
      "type": "local_file",
      "name": "docker_spec",
      "provider": "provider[\"registry.terraform.io/hashicorp/local\"]",
      "instances": [
        {
          "schema_version": 0,
          "attributes": {
            "content": "version: \"3.8\"\n\nservices:\n  mc:\n    image: itzg/minecraft-server\n    tty: true\n    stdin_open: true\n    ports:\n      - \"25565:25565\"\n    environment:\n      EULA: \"TRUE\"\n      DEBUG: \"TRUE\"\n      ONLINE_MODE: \"FALSE\"\n      SERVER_NAME: \"sleepydog\"\n      DIFFICULTY: \"normal\"\n    volumes:\n      # attach the relative directory 'data' to the container's /data path\n      - /home/l1tsolaiki/data:/data\n",
            "content_base64": "dmVyc2lvbjogIjMuOCIKCnNlcnZpY2VzOgogIG1jOgogICAgaW1hZ2U6IGl0emcvbWluZWNyYWZ0LXNlcnZlcgogICAgdHR5OiB0cnVlCiAgICBzdGRpbl9vcGVuOiB0cnVlCiAgICBwb3J0czoKICAgICAgLSAiMjU1NjU6MjU1NjUiCiAgICBlbnZpcm9ubWVudDoKICAgICAgRVVMQTogIlRSVUUiCiAgICAgIERFQlVHOiAiVFJVRSIKICAgICAgT05MSU5FX01PREU6ICJGQUxTRSIKICAgICAgU0VSVkVSX05BTUU6ICJzbGVlcHlkb2ciCiAgICAgIERJRkZJQ1VMVFk6ICJub3JtYWwiCiAgICB2b2x1bWVzOgogICAgICAjIGF0dGFjaCB0aGUgcmVsYXRpdmUgZGlyZWN0b3J5ICdkYXRhJyB0byB0aGUgY29udGFpbmVyJ3MgL2RhdGEgcGF0aAogICAgICAtIC9ob21lL2wxdHNvbGFpa2kvZGF0YTovZGF0YQo=",
            "content_base64sha256": "A4yKsCxrFgfRbkDFF4VOodGGJc5+ci6ON/6w9UfYXoY=",
            "content_base64sha512": "S0OpAalnLEvx9Fh/FCqFGFP3Ue07QpbUnh/lCNqaIp1qggi5yac6nEj5mf7UoaSmVeLOTMbGrBGnJZsMNyuNkQ==",
            "content_md5": "9eea73fe6a8e42362640c5e6cd2e209b",
            "content_sha1": "4ec22755b49eb2edd655fcf19f3422d6a0b2f21e",
            "content_sha256": "038c8ab02c6b1607d16e40c517854ea1d18625ce7e722e8e37feb0f547d85e86",
            "content_sha512": "4b43a901a9672c4bf1f4587f142a851853f751ed3b4296d49e1fe508da9a229d6a8208b9c9a73a9c48f999fed4a1a4a655e2ce4cc6c6ac11a7259b0c372b8d91",
            "filename": "./minecraft/docker-compose.yaml",
            "id": "4ec22755b49eb2edd655fcf19f3422d6a0b2f21e"
          },
          "sensitive_attributes": []
        }
      ]
    },
    {
      "mode": "data",
      "type": "yandex_compute_image",
      "name": "coi",
      "provider": "provider[\"registry.terraform.io/yandex-cloud/yandex\"]",
      "instances": [
        {
          "schema_version": 0,
          "attributes": {
            "created_at": "2022-02-04T12:30:26Z",
            "description": "Container Optimized Image 2.3.10",
            "family": "container-optimized-image",
            "folder_id": "standard-images",
            "id": "fd80o2eikcn22b229tsa",
            "image_id": "fd80o2eikcn22b229tsa",
            "labels": {},
            "min_disk_size": 30,
            "name": "container-optimized-image-v20220204a",
            "os_type": "linux",
            "pooled": true,
            "product_ids": [
              "f2elf7186figj4p34at5"
            ],
            "size": 6,
            "status": "ready"
          },
          "sensitive_attributes": []
        }
      ]
    },
    {
      "mode": "managed",
      "type": "yandex_compute_instance",
      "name": "minecraft-server",
      "provider": "provider[\"registry.terraform.io/yandex-cloud/yandex\"]",
      "instances": [
        {
          "schema_version": 1,
          "attributes": {
            "allow_recreate": null,
            "allow_stopping_for_update": true,
            "boot_disk": [
              {
                "auto_delete": true,
                "device_name": "fhmoif6o45c35dlagvjr",
                "disk_id": "fhmoif6o45c35dlagvjr",
                "initialize_params": [
                  {
                    "block_size": 4096,
                    "description": "",
                    "image_id": "fd80o2eikcn22b229tsa",
                    "name": "",
                    "size": 30,
                    "snapshot_id": "",
                    "type": "network-hdd"
                  }
                ],
                "mode": "READ_WRITE"
              }
            ],
            "created_at": "2023-09-24T12:18:03Z",
            "description": "",
            "filesystem": [],
            "folder_id": "b1guoa66g7nvnr3nd4ni",
            "fqdn": "fhmjqv252ct0ueu8qc2p.auto.internal",
            "gpu_cluster_id": "",
            "hostname": "",
            "id": "fhmjqv252ct0ueu8qc2p",
            "labels": {},
            "local_disk": [],
            "metadata": {
              "docker-compose": "version: \"3.8\"\n\nservices:\n  mc:\n    image: itzg/minecraft-server\n    tty: true\n    stdin_open: true\n    ports:\n      - \"25565:25565\"\n    environment:\n      EULA: \"TRUE\"\n      DEBUG: \"TRUE\"\n      ONLINE_MODE: \"FALSE\"\n      SERVER_NAME: \"sleepydog\"\n      DIFFICULTY: \"normal\"\n    volumes:\n      # attach the relative directory 'data' to the container's /data path\n      - /home/l1tsolaiki/data:/data\n",
              "ssh-keys": "l1tsolaiki:ssh-ed25519 AAAAC3NzaC1lZDI1NTE5AAAAIFyunVrmrv+oQe8VBwuW4B5fqmFcu59PXVrbjFvyUAEi atrd.konstantin@gmail.com\n"
            },
            "metadata_options": [
              {
                "aws_v1_http_endpoint": 1,
                "aws_v1_http_token": 2,
                "gce_http_endpoint": 1,
                "gce_http_token": 1
              }
            ],
            "name": "minecraft-server",
            "network_acceleration_type": "standard",
            "network_interface": [
              {
                "dns_record": [],
                "index": 0,
                "ip_address": "10.128.0.12",
                "ipv4": true,
                "ipv6": false,
                "ipv6_address": "",
                "ipv6_dns_record": [],
                "mac_address": "d0:0d:13:d7:c4:51",
                "nat": true,
                "nat_dns_record": [],
                "nat_ip_address": "51.250.64.207",
                "nat_ip_version": "IPV4",
                "security_group_ids": [],
                "subnet_id": "e9b4eq3oplqrna2fju08"
              }
            ],
            "placement_policy": [
              {
                "host_affinity_rules": [],
                "placement_group_id": ""
              }
            ],
            "platform_id": "standard-v2",
            "resources": [
              {
                "core_fraction": 100,
                "cores": 2,
                "gpus": 0,
                "memory": 2
              }
            ],
            "scheduling_policy": [
              {
                "preemptible": false
              }
            ],
            "secondary_disk": [],
            "service_account_id": "ajek7s3ss4eic0jfkahr",
            "status": "running",
            "timeouts": null,
            "zone": "ru-central1-a"
          },
          "sensitive_attributes": [],
          "private": "eyJlMmJmYjczMC1lY2FhLTExZTYtOGY4OC0zNDM2M2JjN2M0YzAiOnsiY3JlYXRlIjozMDAwMDAwMDAwMDAsImRlbGV0ZSI6MzAwMDAwMDAwMDAwLCJ1cGRhdGUiOjMwMDAwMDAwMDAwMH0sInNjaGVtYV92ZXJzaW9uIjoiMSJ9",
          "dependencies": [
            "data.local_file.docker_spec",
            "data.yandex_compute_image.coi",
            "yandex_vpc_subnet.main-a"
          ]
        }
      ]
    },
    {
      "mode": "managed",
      "type": "yandex_vpc_network",
      "name": "main",
      "provider": "provider[\"registry.terraform.io/yandex-cloud/yandex\"]",
      "instances": [
        {
          "schema_version": 0,
          "attributes": {
            "created_at": "2023-09-24T09:16:44Z",
            "default_security_group_id": "enpfhanlpqc32q6gs27i",
            "description": "",
            "folder_id": "b1guoa66g7nvnr3nd4ni",
            "id": "enpqkqh0k36ui5te2i6n",
            "labels": {},
            "name": "main",
            "subnet_ids": [
              "b0cid6316tpg4no46dl9",
              "e2liip4b9cvsg87lo09l",
              "e9b4eq3oplqrna2fju08"
            ],
            "timeouts": {
              "create": null,
              "delete": null,
              "update": null
            }
          },
          "sensitive_attributes": [],
          "private": "eyJlMmJmYjczMC1lY2FhLTExZTYtOGY4OC0zNDM2M2JjN2M0YzAiOnsiY3JlYXRlIjo2MDAwMDAwMDAwMCwiZGVsZXRlIjo2MDAwMDAwMDAwMCwidXBkYXRlIjo2MDAwMDAwMDAwMH19"
        }
      ]
    },
    {
      "mode": "managed",
      "type": "yandex_vpc_subnet",
      "name": "main-a",
      "provider": "provider[\"registry.terraform.io/yandex-cloud/yandex\"]",
      "instances": [
        {
          "schema_version": 0,
          "attributes": {
            "created_at": "2023-09-24T11:08:39Z",
            "description": "",
            "dhcp_options": [],
            "folder_id": "b1guoa66g7nvnr3nd4ni",
            "id": "e9b4eq3oplqrna2fju08",
            "labels": {},
            "name": "main-a",
            "network_id": "enpqkqh0k36ui5te2i6n",
            "route_table_id": "",
            "timeouts": null,
            "v4_cidr_blocks": [
              "10.128.0.0/24"
            ],
            "v6_cidr_blocks": [],
            "zone": "ru-central1-a"
          },
          "sensitive_attributes": [],
          "private": "eyJlMmJmYjczMC1lY2FhLTExZTYtOGY4OC0zNDM2M2JjN2M0YzAiOnsiY3JlYXRlIjoxODAwMDAwMDAwMDAsImRlbGV0ZSI6MTgwMDAwMDAwMDAwLCJ1cGRhdGUiOjE4MDAwMDAwMDAwMH19",
          "dependencies": [
            "yandex_vpc_network.main"
          ]
        }
      ]
    },
    {
      "mode": "managed",
      "type": "yandex_vpc_subnet",
      "name": "main-b",
      "provider": "provider[\"registry.terraform.io/yandex-cloud/yandex\"]",
      "instances": [
        {
          "schema_version": 0,
          "attributes": {
            "created_at": "2023-09-24T11:08:40Z",
            "description": "",
            "dhcp_options": [],
            "folder_id": "b1guoa66g7nvnr3nd4ni",
            "id": "e2liip4b9cvsg87lo09l",
            "labels": {},
            "name": "main-b",
            "network_id": "enpqkqh0k36ui5te2i6n",
            "route_table_id": "",
            "timeouts": null,
            "v4_cidr_blocks": [
              "10.129.0.0/24"
            ],
            "v6_cidr_blocks": [],
            "zone": "ru-central1-b"
          },
          "sensitive_attributes": [],
          "private": "eyJlMmJmYjczMC1lY2FhLTExZTYtOGY4OC0zNDM2M2JjN2M0YzAiOnsiY3JlYXRlIjoxODAwMDAwMDAwMDAsImRlbGV0ZSI6MTgwMDAwMDAwMDAwLCJ1cGRhdGUiOjE4MDAwMDAwMDAwMH19",
          "dependencies": [
            "yandex_vpc_network.main"
          ]
        }
      ]
    },
    {
      "mode": "managed",
      "type": "yandex_vpc_subnet",
      "name": "main-c",
      "provider": "provider[\"registry.terraform.io/yandex-cloud/yandex\"]",
      "instances": [
        {
          "schema_version": 0,
          "attributes": {
            "created_at": "2023-09-24T11:08:39Z",
            "description": "",
            "dhcp_options": [],
            "folder_id": "b1guoa66g7nvnr3nd4ni",
            "id": "b0cid6316tpg4no46dl9",
            "labels": {},
            "name": "main-c",
            "network_id": "enpqkqh0k36ui5te2i6n",
            "route_table_id": "",
            "timeouts": null,
            "v4_cidr_blocks": [
              "10.130.0.0/24"
            ],
            "v6_cidr_blocks": [],
            "zone": "ru-central1-c"
          },
          "sensitive_attributes": [],
          "private": "eyJlMmJmYjczMC1lY2FhLTExZTYtOGY4OC0zNDM2M2JjN2M0YzAiOnsiY3JlYXRlIjoxODAwMDAwMDAwMDAsImRlbGV0ZSI6MTgwMDAwMDAwMDAwLCJ1cGRhdGUiOjE4MDAwMDAwMDAwMH19",
          "dependencies": [
            "yandex_vpc_network.main"
          ]
        }
      ]
    }
  ],
  "check_results": null
}
